
Microsoft Visual Studio Solution File, Format Version 12.00
# Visual Studio Version 17
VisualStudioVersion = 17.5.33502.453
MinimumVisualStudioVersion = 10.0.40219.1
Project("{9A19103F-16F7-4668-BE54-9A1E7A4F7556}") = "Bibiteka2", "Bibiteka2.csproj", "{BFE7AA44-F631-4FE0-A616-AB93FE292455}"
EndProject
Project("{9A19103F-16F7-4668-BE54-9A1E7A4F7556}") = "DesSezLibrary", "..\DesSezLibrary\DesSezLibrary.csproj", "{4062FB3C-AC26-4F87-AA44-D5C7AB305F13}"
EndProject
Project("{FAE04EC0-301F-11D3-BF4B-00C04F79EFBC}") = "CustomlLibrary", "..\CustomlLibrary\CustomlLibrary.csproj", "{E30CD583-2C4D-4ECE-AD8A-F0A5DD8D2327}"
EndProject
Global
	GlobalSection(SolutionConfigurationPlatforms) = preSolution
		Debug|Any CPU = Debug|Any CPU
		Release|Any CPU = Release|Any CPU
	EndGlobalSection
	GlobalSection(ProjectConfigurationPlatforms) = postSolution
		{BFE7AA44-F631-4FE0-A616-AB93FE292455}.Debug|Any CPU.ActiveCfg = Debug|Any CPU
		{BFE7AA44-F631-4FE0-A616-AB93FE292455}.Debug|Any CPU.Build.0 = Debug|Any CPU
		{BFE7AA44-F631-4FE0-A616-AB93FE292455}.Release|Any CPU.ActiveCfg = Release|Any CPU
		{BFE7AA44-F631-4FE0-A616-AB93FE292455}.Release|Any CPU.Build.0 = Release|Any CPU
		{4062FB3C-AC26-4F87-AA44-D5C7AB305F13}.Debug|Any CPU.ActiveCfg = Debug|Any CPU
		{4062FB3C-AC26-4F87-AA44-D5C7AB305F13}.Debug|Any CPU.Build.0 = Debug|Any CPU
		{4062FB3C-AC26-4F87-AA44-D5C7AB305F13}.Release|Any CPU.ActiveCfg = Release|Any CPU
		{4062FB3C-AC26-4F87-AA44-D5C7AB305F13}.Release|Any CPU.Build.0 = Release|Any CPU
		{E30CD583-2C4D-4ECE-AD8A-F0A5DD8D2327}.Debug|Any CPU.ActiveCfg = Debug|Any CPU
		{E30CD583-2C4D-4ECE-AD8A-F0A5DD8D2327}.Debug|Any CPU.Build.0 = Debug|Any CPU
		{E30CD583-2C4D-4ECE-AD8A-F0A5DD8D2327}.Release|Any CPU.ActiveCfg = Release|Any CPU
		{E30CD583-2C4D-4ECE-AD8A-F0A5DD8D2327}.Release|Any CPU.Build.0 = Release|Any CPU
	EndGlobalSection
	GlobalSection(SolutionProperties) = preSolution
		HideSolutionNode = FALSE
	EndGlobalSection
	GlobalSection(ExtensibilityGlobals) = postSolution
		SolutionGuid = {E18CBA6E-3B5E-482C-AF5E-2CC025297BC5}
	EndGlobalSection
EndGlobal
